{
  "name": "newspulse-backend",
  "version": "1.0.0",
  "lockfileVersion": 3,
  "requires": true,
  "packages": {
    "": {
      "name": "newspulse-backend",
      "version": "1.0.0",
      "license": "MIT",
      "dependencies": {
        "@supabase/supabase-js": "^2.39.0",
        "@vitalets/google-translate-api": "^9.2.0",
        "dotenv": "^16.3.1",
        "nodemailer": "^6.9.0",
        "rss-parser": "^3.13.0",
        "telegraf": "^4.15.0"
      }
    }
  }
}
